// !$*UTF8*$!
{
	archiveVersion = 1;
	classes = {
	};
	objectVersion = 46;
	objects = {

/* Begin PBXBuildFile section */
		14BCD6EA1CB627B000E89A96 /* main.m in Sources */ = {isa = PBXBuildFile; fileRef = 14BCD6E91CB627B000E89A96 /* main.m */; };
		14BCD6ED1CB627B000E89A96 /* AppDelegate.m in Sources */ = {isa = PBXBuildFile; fileRef = 14BCD6EC1CB627B000E89A96 /* AppDelegate.m */; };
		14BCD6F01CB627B000E89A96 /* ViewController.m in Sources */ = {isa = PBXBuildFile; fileRef = 14BCD6EF1CB627B000E89A96 /* ViewController.m */; };
		14BCD6F31CB627B000E89A96 /* Main.storyboard in Resources */ = {isa = PBXBuildFile; fileRef = 14BCD6F11CB627B000E89A96 /* Main.storyboard */; };
		14BCD6F51CB627B000E89A96 /* Assets.xcassets in Resources */ = {isa = PBXBuildFile; fileRef = 14BCD6F41CB627B000E89A96 /* Assets.xcassets */; };
		14BCD6F81CB627B000E89A96 /* LaunchScreen.storyboard in Resources */ = {isa = PBXBuildFile; fileRef = 14BCD6F61CB627B000E89A96 /* LaunchScreen.storyboard */; };
		14BCD7021CB6283200E89A96 /* QYBEasyAdView.m in Sources */ = {isa = PBXBuildFile; fileRef = 14BCD7011CB6283200E89A96 /* QYBEasyAdView.m */; };
		14BCD72A1CB641D900E89A96 /* MKAnnotationView+WebCache.m in Sources */ = {isa = PBXBuildFile; fileRef = 14BCD70A1CB641D900E89A96 /* MKAnnotationView+WebCache.m */; };
		14BCD72B1CB641D900E89A96 /* NSData+ImageContentType.m in Sources */ = {isa = PBXBuildFile; fileRef = 14BCD70C1CB641D900E89A96 /* NSData+ImageContentType.m */; };
		14BCD72C1CB641D900E89A96 /* SDImageCache.m in Sources */ = {isa = PBXBuildFile; fileRef = 14BCD70E1CB641D900E89A96 /* SDImageCache.m */; };
		14BCD72D1CB641D900E89A96 /* SDWebImageCompat.m in Sources */ = {isa = PBXBuildFile; fileRef = 14BCD7101CB641D900E89A96 /* SDWebImageCompat.m */; };
		14BCD72E1CB641D900E89A96 /* SDWebImageDecoder.m in Sources */ = {isa = PBXBuildFile; fileRef = 14BCD7121CB641D900E89A96 /* SDWebImageDecoder.m */; };
		14BCD72F1CB641D900E89A96 /* SDWebImageDownloader.m in Sources */ = {isa = PBXBuildFile; fileRef = 14BCD7141CB641D900E89A96 /* SDWebImageDownloader.m */; };
		14BCD7301CB641D900E89A96 /* SDWebImageDownloaderOperation.m in Sources */ = {isa = PBXBuildFile; fileRef = 14BCD7161CB641D900E89A96 /* SDWebImageDownloaderOperation.m */; };
		14BCD7311CB641D900E89A96 /* SDWebImageManager.m in Sources */ = {isa = PBXBuildFile; fileRef = 14BCD7181CB641D900E89A96 /* SDWebImageManager.m */; };
		14BCD7321CB641D900E89A96 /* SDWebImagePrefetcher.m in Sources */ = {isa = PBXBuildFile; fileRef = 14BCD71B1CB641D900E89A96 /* SDWebImagePrefetcher.m */; };
		14BCD7331CB641D900E89A96 /* UIButton+WebCache.m in Sources */ = {isa = PBXBuildFile; fileRef = 14BCD71D1CB641D900E89A96 /* UIButton+WebCache.m */; };
		14BCD7341CB641D900E89A96 /* UIImage+GIF.m in Sources */ = {isa = PBXBuildFile; fileRef = 14BCD71F1CB641D900E89A96 /* UIImage+GIF.m */; };
		14BCD7351CB641D900E89A96 /* UIImage+MultiFormat.m in Sources */ = {isa = PBXBuildFile; fileRef = 14BCD7211CB641D900E89A96 /* UIImage+MultiFormat.m */; };
		14BCD7361CB641D900E89A96 /* UIImage+WebP.m in Sources */ = {isa = PBXBuildFile; fileRef = 14BCD7231CB641D900E89A96 /* UIImage+WebP.m */; };
		14BCD7371CB641D900E89A96 /* UIImageView+HighlightedWebCache.m in Sources */ = {isa = PBXBuildFile; fileRef = 14BCD7251CB641D900E89A96 /* UIImageView+HighlightedWebCache.m */; };
		14BCD7381CB641D900E89A96 /* UIImageView+WebCache.m in Sources */ = {isa = PBXBuildFile; fileRef = 14BCD7271CB641D900E89A96 /* UIImageView+WebCache.m */; };
		14BCD7391CB641D900E89A96 /* UIView+WebCacheOperation.m in Sources */ = {isa = PBXBuildFile; fileRef = 14BCD7291CB641D900E89A96 /* UIView+WebCacheOperation.m */; };
/* End PBXBuildFile section */

/* Begin PBXFileReference section */
		149D4D8E1CB6509E0023E4F2 /* PrefixHeader.pch */ = {isa = PBXFileReference; fileEncoding = 4; lastKnownFileType = sourcecode.c.h; path = PrefixHeader.pch; sourceTree = "<group>"; };
		14BCD6E51CB627B000E89A96 /* QYBEasyAdView.app */ = {isa = PBXFileReference; explicitFileType = wrapper.application; includeInIndex = 0; path = QYBEasyAdView.app; sourceTree = BUILT_PRODUCTS_DIR; };
		14BCD6E91CB627B000E89A96 /* main.m */ = {isa = PBXFileReference; lastKnownFileType = sourcecode.c.objc; path = main.m; sourceTree = "<group>"; };
		14BCD6EB1CB627B000E89A96 /* AppDelegate.h */ = {isa = PBXFileReference; lastKnownFileType = sourcecode.c.h; path = AppDelegate.h; sourceTree = "<group>"; };
		14BCD6EC1CB627B000E89A96 /* AppDelegate.m */ = {isa = PBXFileReference; lastKnownFileType = sourcecode.c.objc; path = AppDelegate.m; sourceTree = "<group>"; };
		14BCD6EE1CB627B000E89A96 /* ViewController.h */ = {isa = PBXFileReference; lastKnownFileType = sourcecode.c.h; path = ViewController.h; sourceTree = "<group>"; };
		14BCD6EF1CB627B000E89A96 /* ViewController.m */ = {isa = PBXFileReference; lastKnownFileType = sourcecode.c.objc; path = ViewController.m; sourceTree = "<group>"; };
		14BCD6F21CB627B000E89A96 /* Base */ = {isa = PBXFileReference; lastKnownFileType = file.storyboard; name = Base; path = Base.lproj/Main.storyboard; sourceTree = "<group>"; };
		14BCD6F41CB627B000E89A96 /* Assets.xcassets */ = {isa = PBXFileReference; lastKnownFileType = folder.assetcatalog; path = Assets.xcassets; sourceTree = "<group>"; };
		14BCD6F71CB627B000E89A96 /* Base */ = {isa = PBXFileReference; lastKnownFileType = file.storyboard; name = Base; path = Base.lproj/LaunchScreen.storyboard; sourceTree = "<group>"; };
		14BCD6F91CB627B000E89A96 /* Info.plist */ = {isa = PBXFileReference; lastKnownFileType = text.plist.xml; path = Info.plist; sourceTree = "<group>"; };
		14BCD7001CB6283200E89A96 /* QYBEasyAdView.h */ = {isa = PBXFileReference; fileEncoding = 4; lastKnownFileType = sourcecode.c.h; path = QYBEasyAdView.h; sourceTree = "<group>"; };
		14BCD7011CB6283200E89A96 /* QYBEasyAdView.m */ = {isa = PBXFileReference; fileEncoding = 4; lastKnownFileType = sourcecode.c.objc; path = QYBEasyAdView.m; sourceTree = "<group>"; };
		14BCD7091CB641D900E89A96 /* MKAnnotationView+WebCache.h */ = {isa = PBXFileReference; fileEncoding = 4; lastKnownFileType = sourcecode.c.h; path = "MKAnnotationView+WebCache.h"; sourceTree = "<group>"; };
		14BCD70A1CB641D900E89A96 /* MKAnnotationView+WebCache.m */ = {isa = PBXFileReference; fileEncoding = 4; lastKnownFileType = sourcecode.c.objc; path = "MKAnnotationView+WebCache.m"; sourceTree = "<group>"; };
		14BCD70B1CB641D900E89A96 /* NSData+ImageContentType.h */ = {isa = PBXFileReference; fileEncoding = 4; lastKnownFileType = sourcecode.c.h; path = "NSData+ImageContentType.h"; sourceTree = "<group>"; };
		14BCD70C1CB641D900E89A96 /* NSData+ImageContentType.m */ = {isa = PBXFileReference; fileEncoding = 4; lastKnownFileType = sourcecode.c.objc; path = "NSData+ImageContentType.m"; sourceTree = "<group>"; };
		14BCD70D1CB641D900E89A96 /* SDImageCache.h */ = {isa = PBXFileReference; fileEncoding = 4; lastKnownFileType = sourcecode.c.h; path = SDImageCache.h; sourceTree = "<group>"; };
		14BCD70E1CB641D900E89A96 /* SDImageCache.m */ = {isa = PBXFileReference; fileEncoding = 4; lastKnownFileType = sourcecode.c.objc; path = SDImageCache.m; sourceTree = "<group>"; };
		14BCD70F1CB641D900E89A96 /* SDWebImageCompat.h */ = {isa = PBXFileReference; fileEncoding = 4; lastKnownFileType = sourcecode.c.h; path = SDWebImageCompat.h; sourceTree = "<group>"; };
		14BCD7101CB641D900E89A96 /* SDWebImageCompat.m */ = {isa = PBXFileReference; fileEncoding = 4; lastKnownFileType = sourcecode.c.objc; path = SDWebImageCompat.m; sourceTree = "<group>"; };
		14BCD7111CB641D900E89A96 /* SDWebImageDecoder.h */ = {isa = PBXFileReference; fileEncoding = 4; lastKnownFileType = sourcecode.c.h; path = SDWebImageDecoder.h; sourceTree = "<group>"; };
		14BCD7121CB641D900E89A96 /* SDWebImageDecoder.m */ = {isa = PBXFileReference; fileEncoding = 4; lastKnownFileType = sourcecode.c.objc; path = SDWebImageDecoder.m; sourceTree = "<group>"; };
		14BCD7131CB641D900E89A96 /* SDWebImageDownloader.h */ = {isa = PBXFileReference; fileEncoding = 4; lastKnownFileType = sourcecode.c.h; path = SDWebImageDownloader.h; sourceTree = "<group>"; };
		14BCD7141CB641D900E89A96 /* SDWebImageDownloader.m */ = {isa = PBXFileReference; fileEncoding = 4; lastKnownFileType = sourcecode.c.objc; path = SDWebImageDownloader.m; sourceTree = "<group>"; };
		14BCD7151CB641D900E89A96 /* SDWebImageDownloaderOperation.h */ = {isa = PBXFileReference; fileEncoding = 4; lastKnownFileType = sourcecode.c.h; path = SDWebImageDownloaderOperation.h; sourceTree = "<group>"; };
		14BCD7161CB641D900E89A96 /* SDWebImageDownloaderOperation.m */ = {isa = PBXFileReference; fileEncoding = 4; lastKnownFileType = sourcecode.c.objc; path = SDWebImageDownloaderOperation.m; sourceTree = "<group>"; };
		14BCD7171CB641D900E89A96 /* SDWebImageManager.h */ = {isa = PBXFileReference; fileEncoding = 4; lastKnownFileType = sourcecode.c.h; path = SDWebImageManager.h; sourceTree = "<group>"; };
		14BCD7181CB641D900E89A96 /* SDWebImageManager.m */ = {isa = PBXFileReference; fileEncoding = 4; lastKnownFileType = sourcecode.c.objc; path = SDWebImageManager.m; sourceTree = "<group>"; };
		14BCD7191CB641D900E89A96 /* SDWebImageOperation.h */ = {isa = PBXFileReference; fileEncoding = 4; lastKnownFileType = sourcecode.c.h; path = SDWebImageOperation.h; sourceTree = "<group>"; };
		14BCD71A1CB641D900E89A96 /* SDWebImagePrefetcher.h */ = {isa = PBXFileReference; fileEncoding = 4; lastKnownFileType = sourcecode.c.h; path = SDWebImagePrefetcher.h; sourceTree = "<group>"; };
		14BCD71B1CB641D900E89A96 /* SDWebImagePrefetcher.m */ = {isa = PBXFileReference; fileEncoding = 4; lastKnownFileType = sourcecode.c.objc; path = SDWebImagePrefetcher.m; sourceTree = "<group>"; };
		14BCD71C1CB641D900E89A96 /* UIButton+WebCache.h */ = {isa = PBXFileReference; fileEncoding = 4; lastKnownFileType = sourcecode.c.h; path = "UIButton+WebCache.h"; sourceTree = "<group>"; };
		14BCD71D1CB641D900E89A96 /* UIButton+WebCache.m */ = {isa = PBXFileReference; fileEncoding = 4; lastKnownFileType = sourcecode.c.objc; path = "UIButton+WebCache.m"; sourceTree = "<group>"; };
		14BCD71E1CB641D900E89A96 /* UIImage+GIF.h */ = {isa = PBXFileReference; fileEncoding = 4; lastKnownFileType = sourcecode.c.h; path = "UIImage+GIF.h"; sourceTree = "<group>"; };
		14BCD71F1CB641D900E89A96 /* UIImage+GIF.m */ = {isa = PBXFileReference; fileEncoding = 4; lastKnownFileType = sourcecode.c.objc; path = "UIImage+GIF.m"; sourceTree = "<group>"; };
		14BCD7201CB641D900E89A96 /* UIImage+MultiFormat.h */ = {isa = PBXFileReference; fileEncoding = 4; lastKnownFileType = sourcecode.c.h; path = "UIImage+MultiFormat.h"; sourceTree = "<group>"; };
		14BCD7211CB641D900E89A96 /* UIImage+MultiFormat.m */ = {isa = PBXFileReference; fileEncoding = 4; lastKnownFileType = sourcecode.c.objc; path = "UIImage+MultiFormat.m"; sourceTree = "<group>"; };
		14BCD7221CB641D900E89A96 /* UIImage+WebP.h */ = {isa = PBXFileReference; fileEncoding = 4; lastKnownFileType = sourcecode.c.h; path = "UIImage+WebP.h"; sourceTree = "<group>"; };
		14BCD7231CB641D900E89A96 /* UIImage+WebP.m */ = {isa = PBXFileReference; fileEncoding = 4; lastKnownFileType = sourcecode.c.objc; path = "UIImage+WebP.m"; sourceTree = "<group>"; };
		14BCD7241CB641D900E89A96 /* UIImageView+HighlightedWebCache.h */ = {isa = PBXFileReference; fileEncoding = 4; lastKnownFileType = sourcecode.c.h; path = "UIImageView+HighlightedWebCache.h"; sourceTree = "<group>"; };
		14BCD7251CB641D900E89A96 /* UIImageView+HighlightedWebCache.m */ = {isa = PBXFileReference; fileEncoding = 4; lastKnownFileType = sourcecode.c.objc; path = "UIImageView+HighlightedWebCache.m"; sourceTree = "<group>"; };
		14BCD7261CB641D900E89A96 /* UIImageView+WebCache.h */ = {isa = PBXFileReference; fileEncoding = 4; lastKnownFileType = sourcecode.c.h; path = "UIImageView+WebCache.h"; sourceTree = "<group>"; };
		14BCD7271CB641D900E89A96 /* UIImageView+WebCache.m */ = {isa = PBXFileReference; fileEncoding = 4; lastKnownFileType = sourcecode.c.objc; path = "UIImageView+WebCache.m"; sourceTree = "<group>"; };
		14BCD7281CB641D900E89A96 /* UIView+WebCacheOperation.h */ = {isa = PBXFileReference; fileEncoding = 4; lastKnownFileType = sourcecode.c.h; path = "UIView+WebCacheOperation.h"; sourceTree = "<group>"; };
		14BCD7291CB641D900E89A96 /* UIView+WebCacheOperation.m */ = {isa = PBXFileReference; fileEncoding = 4; lastKnownFileType = sourcecode.c.objc; path = "UIView+WebCacheOperation.m"; sourceTree = "<group>"; };
/* End PBXFileReference section */

/* Begin PBXFrameworksBuildPhase section */
		14BCD6E21CB627B000E89A96 /* Frameworks */ = {
			isa = PBXFrameworksBuildPhase;
			buildActionMask = 2147483647;
			files = (
			);
			runOnlyForDeploymentPostprocessing = 0;
		};
/* End PBXFrameworksBuildPhase section */

/* Begin PBXGroup section */
		14BCD6DC1CB627B000E89A96 = {
			isa = PBXGroup;
			children = (
				14BCD6E71CB627B000E89A96 /* QYBEasyAdView */,
				14BCD6E61CB627B000E89A96 /* Products */,
			);
			sourceTree = "<group>";
		};
		14BCD6E61CB627B000E89A96 /* Products */ = {
			isa = PBXGroup;
			children = (
				14BCD6E51CB627B000E89A96 /* QYBEasyAdView.app */,
			);
			name = Products;
			sourceTree = "<group>";
		};
		14BCD6E71CB627B000E89A96 /* QYBEasyAdView */ = {
			isa = PBXGroup;
			children = (
				14BCD7081CB641D900E89A96 /* SDWebImage */,
				14BCD6FF1CB6280000E89A96 /* QYBEasyAdView */,
				14BCD6EB1CB627B000E89A96 /* AppDelegate.h */,
				14BCD6EC1CB627B000E89A96 /* AppDelegate.m */,
				14BCD6EE1CB627B000E89A96 /* ViewController.h */,
				14BCD6EF1CB627B000E89A96 /* ViewController.m */,
				14BCD6F11CB627B000E89A96 /* Main.storyboard */,
				14BCD6F41CB627B000E89A96 /* Assets.xcassets */,
				14BCD6F61CB627B000E89A96 /* LaunchScreen.storyboard */,
				14BCD6F91CB627B000E89A96 /* Info.plist */,
				14BCD6E81CB627B000E89A96 /* Supporting Files */,
			);
			path = QYBEasyAdView;
			sourceTree = "<group>";
		};
		14BCD6E81CB627B000E89A96 /* Supporting Files */ = {
			isa = PBXGroup;
			children = (
				14BCD6E91CB627B000E89A96 /* main.m */,
				149D4D8E1CB6509E0023E4F2 /* PrefixHeader.pch */,
			);
			name = "Supporting Files";
			sourceTree = "<group>";
		};
		14BCD6FF1CB6280000E89A96 /* QYBEasyAdView */ = {
			isa = PBXGroup;
			children = (
				14BCD7001CB6283200E89A96 /* QYBEasyAdView.h */,
				14BCD7011CB6283200E89A96 /* QYBEasyAdView.m */,
			);
			path = QYBEasyAdView;
			sourceTree = "<group>";
		};
		14BCD7081CB641D900E89A96 /* SDWebImage */ = {
			isa = PBXGroup;
			children = (
				14BCD7091CB641D900E89A96 /* MKAnnotationView+WebCache.h */,
				14BCD70A1CB641D900E89A96 /* MKAnnotationView+WebCache.m */,
				14BCD70B1CB641D900E89A96 /* NSData+ImageContentType.h */,
				14BCD70C1CB641D900E89A96 /* NSData+ImageContentType.m */,
				14BCD70D1CB641D900E89A96 /* SDImageCache.h */,
				14BCD70E1CB641D900E89A96 /* SDImageCache.m */,
				14BCD70F1CB641D900E89A96 /* SDWebImageCompat.h */,
				14BCD7101CB641D900E89A96 /* SDWebImageCompat.m */,
				14BCD7111CB641D900E89A96 /* SDWebImageDecoder.h */,
				14BCD7121CB641D900E89A96 /* SDWebImageDecoder.m */,
				14BCD7131CB641D900E89A96 /* SDWebImageDownloader.h */,
				14BCD7141CB641D900E89A96 /* SDWebImageDownloader.m */,
				14BCD7151CB641D900E89A96 /* SDWebImageDownloaderOperation.h */,
				14BCD7161CB641D900E89A96 /* SDWebImageDownloaderOperation.m */,
				14BCD7171CB641D900E89A96 /* SDWebImageManager.h */,
				14BCD7181CB641D900E89A96 /* SDWebImageManager.m */,
				14BCD7191CB641D900E89A96 /* SDWebImageOperation.h */,
				14BCD71A1CB641D900E89A96 /* SDWebImagePrefetcher.h */,
				14BCD71B1CB641D900E89A96 /* SDWebImagePrefetcher.m */,
				14BCD71C1CB641D900E89A96 /* UIButton+WebCache.h */,
				14BCD71D1CB641D900E89A96 /* UIButton+WebCache.m */,
				14BCD71E1CB641D900E89A96 /* UIImage+GIF.h */,
				14BCD71F1CB641D900E89A96 /* UIImage+GIF.m */,
				14BCD7201CB641D900E89A96 /* UIImage+MultiFormat.h */,
				14BCD7211CB641D900E89A96 /* UIImage+MultiFormat.m */,
				14BCD7221CB641D900E89A96 /* UIImage+WebP.h */,
				14BCD7231CB641D900E89A96 /* UIImage+WebP.m */,
				14BCD7241CB641D900E89A96 /* UIImageView+HighlightedWebCache.h */,
				14BCD7251CB641D900E89A96 /* UIImageView+HighlightedWebCache.m */,
				14BCD7261CB641D900E89A96 /* UIImageView+WebCache.h */,
				14BCD7271CB641D900E89A96 /* UIImageView+WebCache.m */,
				14BCD7281CB641D900E89A96 /* UIView+WebCacheOperation.h */,
				14BCD7291CB641D900E89A96 /* UIView+WebCacheOperation.m */,
			);
			path = SDWebImage;
			sourceTree = "<group>";
		};
/* End PBXGroup section */

/* Begin PBXNativeTarget section */
		14BCD6E41CB627B000E89A96 /* QYBEasyAdView */ = {
			isa = PBXNativeTarget;
			buildConfigurationList = 14BCD6FC1CB627B000E89A96 /* Build configuration list for PBXNativeTarget "QYBEasyAdView" */;
			buildPhases = (
				14BCD6E11CB627B000E89A96 /* Sources */,
				14BCD6E21CB627B000E89A96 /* Frameworks */,
				14BCD6E31CB627B000E89A96 /* Resources */,
			);
			buildRules = (
			);
			dependencies = (
			);
			name = QYBEasyAdView;
			productName = QYBEasyAdView;
			productReference = 14BCD6E51CB627B000E89A96 /* QYBEasyAdView.app */;
			productType = "com.apple.product-type.application";
		};
/* End PBXNativeTarget section */

/* Begin PBXProject section */
		14BCD6DD1CB627B000E89A96 /* Project object */ = {
			isa = PBXProject;
			attributes = {
				LastUpgradeCheck = 0720;
				ORGANIZATIONNAME = qianyb;
				TargetAttributes = {
					14BCD6E41CB627B000E89A96 = {
						CreatedOnToolsVersion = 7.2;
						DevelopmentTeam = 2MYH487U7U;
						ProvisioningStyle = Manual;
					};
				};
			};
			buildConfigurationList = 14BCD6E01CB627B000E89A96 /* Build configuration list for PBXProject "QYBEasyAdView" */;
			compatibilityVersion = "Xcode 3.2";
			developmentRegion = English;
			hasScannedForEncodings = 0;
			knownRegions = (
				en,
				Base,
			);
			mainGroup = 14BCD6DC1CB627B000E89A96;
			productRefGroup = 14BCD6E61CB627B000E89A96 /* Products */;
			projectDirPath = "";
			projectRoot = "";
			targets = (
				14BCD6E41CB627B000E89A96 /* QYBEasyAdView */,
			);
		};
/* End PBXProject section */

/* Begin PBXResourcesBuildPhase section */
		14BCD6E31CB627B000E89A96 /* Resources */ = {
			isa = PBXResourcesBuildPhase;
			buildActionMask = 2147483647;
			files = (
				14BCD6F81CB627B000E89A96 /* LaunchScreen.storyboard in Resources */,
				14BCD6F51CB627B000E89A96 /* Assets.xcassets in Resources */,
				14BCD6F31CB627B000E89A96 /* Main.storyboard in Resources */,
			);
			runOnlyForDeploymentPostprocessing = 0;
		};
/* End PBXResourcesBuildPhase section */

/* Begin PBXSourcesBuildPhase section */
		14BCD6E11CB627B000E89A96 /* Sources */ = {
			isa = PBXSourcesBuildPhase;
			buildActionMask = 2147483647;
			files = (
				14BCD7021CB6283200E89A96 /* QYBEasyAdView.m in Sources */,
				14BCD7371CB641D900E89A96 /* UIImageView+HighlightedWebCache.m in Sources */,
				14BCD7381CB641D900E89A96 /* UIImageView+WebCache.m in Sources */,
				14BCD7361CB641D900E89A96 /* UIImage+WebP.m in Sources */,
				14BCD7321CB641D900E89A96 /* SDWebImagePrefetcher.m in Sources */,
				14BCD72E1CB641D900E89A96 /* SDWebImageDecoder.m in Sources */,
				14BCD72F1CB641D900E89A96 /* SDWebImageDownloader.m in Sources */,
				14BCD6F01CB627B000E89A96 /* ViewController.m in Sources */,
				14BCD7311CB641D900E89A96 /* SDWebImageManager.m in Sources */,
				14BCD7391CB641D900E89A96 /* UIView+WebCacheOperation.m in Sources */,
				14BCD7331CB641D900E89A96 /* UIButton+WebCache.m in Sources */,
				14BCD7351CB641D900E89A96 /* UIImage+MultiFormat.m in Sources */,
				14BCD6ED1CB627B000E89A96 /* AppDelegate.m in Sources */,
				14BCD7301CB641D900E89A96 /* SDWebImageDownloaderOperation.m in Sources */,
				14BCD7341CB641D900E89A96 /* UIImage+GIF.m in Sources */,
				14BCD72D1CB641D900E89A96 /* SDWebImageCompat.m in Sources */,
				14BCD72B1CB641D900E89A96 /* NSData+ImageContentType.m in Sources */,
				14BCD6EA1CB627B000E89A96 /* main.m in Sources */,
				14BCD72A1CB641D900E89A96 /* MKAnnotationView+WebCache.m in Sources */,
				14BCD72C1CB641D900E89A96 /* SDImageCache.m in Sources */,
			);
			runOnlyForDeploymentPostprocessing = 0;
		};
/* End PBXSourcesBuildPhase section */

/* Begin PBXVariantGroup section */
		14BCD6F11CB627B000E89A96 /* Main.storyboard */ = {
			isa = PBXVariantGroup;
			children = (
				14BCD6F21CB627B000E89A96 /* Base */,
			);
			name = Main.storyboard;
			sourceTree = "<group>";
		};
		14BCD6F61CB627B000E89A96 /* LaunchScreen.storyboard */ = {
			isa = PBXVariantGroup;
			children = (
				14BCD6F71CB627B000E89A96 /* Base */,
			);
			name = LaunchScreen.storyboard;
			sourceTree = "<group>";
		};
/* End PBXVariantGroup section */

/* Begin XCBuildConfiguration section */
		14BCD6FA1CB627B000E89A96 /* Debug */ = {
			isa = XCBuildConfiguration;
			buildSettings = {
				ALWAYS_SEARCH_USER_PATHS = NO;
				CLANG_CXX_LANGUAGE_STANDARD = "gnu++0x";
				CLANG_CXX_LIBRARY = "libc++";
				CLANG_ENABLE_MODULES = YES;
				CLANG_ENABLE_OBJC_ARC = YES;
				CLANG_WARN_BOOL_CONVERSION = YES;
				CLANG_WARN_CONSTANT_CONVERSION = YES;
				CLANG_WARN_DIRECT_OBJC_ISA_USAGE = YES_ERROR;
				CLANG_WARN_EMPTY_BODY = YES;
				CLANG_WARN_ENUM_CONVERSION = YES;
				CLANG_WARN_INT_CONVERSION = YES;
				CLANG_WARN_OBJC_ROOT_CLASS = YES_ERROR;
				CLANG_WARN_UNREACHABLE_CODE = YES;
				CLANG_WARN__DUPLICATE_METHOD_MATCH = YES;
				"CODE_SIGN_IDENTITY[sdk=iphoneos*]" = "iPhone Developer";
				COPY_PHASE_STRIP = NO;
				DEBUG_INFORMATION_FORMAT = dwarf;
				ENABLE_STRICT_OBJC_MSGSEND = YES;
				ENABLE_TESTABILITY = YES;
				GCC_C_LANGUAGE_STANDARD = gnu99;
				GCC_DYNAMIC_NO_PIC = NO;
				GCC_NO_COMMON_BLOCKS = YES;
				GCC_OPTIMIZATION_LEVEL = 0;
				GCC_PREPROCESSOR_DEFINITIONS = (
					"DEBUG=1",
					"$(inherited)",
				);
				GCC_WARN_64_TO_32_BIT_CONVERSION = YES;
				GCC_WARN_ABOUT_RETURN_TYPE = YES_ERROR;
				GCC_WARN_UNDECLARED_SELECTOR = YES;
				GCC_WARN_UNINITIALIZED_AUTOS = YES_AGGRESSIVE;
				GCC_WARN_UNUSED_FUNCTION = YES;
				GCC_WARN_UNUSED_VARIABLE = YES;
				IPHONEOS_DEPLOYMENT_TARGET = 9.2;
				MTL_ENABLE_DEBUG_INFO = YES;
				ONLY_ACTIVE_ARCH = YES;
				SDKROOT = iphoneos;
				TARGETED_DEVICE_FAMILY = "1,2";
			};
			name = Debug;
		};
		14BCD6FB1CB627B000E89A96 /* Release */ = {
			isa = XCBuildConfiguration;
			buildSettings = {
				ALWAYS_SEARCH_USER_PATHS = NO;
				CLANG_CXX_LANGUAGE_STANDARD = "gnu++0x";
				CLANG_CXX_LIBRARY = "libc++";
				CLANG_ENABLE_MODULES = YES;
				CLANG_ENABLE_OBJC_ARC = YES;
				CLANG_WARN_BOOL_CONVERSION = YES;
				CLANG_WARN_CONSTANT_CONVERSION = YES;
				CLANG_WARN_DIRECT_OBJC_ISA_USAGE = YES_ERROR;
				CLANG_WARN_EMPTY_BODY = YES;
				CLANG_WARN_ENUM_CONVERSION = YES;
				CLANG_WARN_INT_CONVERSION = YES;
				CLANG_WARN_OBJC_ROOT_CLASS = YES_ERROR;
				CLANG_WARN_UNREACHABLE_CODE = YES;
				CLANG_WARN__DUPLICATE_METHOD_MATCH = YES;
				"CODE_SIGN_IDENTITY[sdk=iphoneos*]" = "iPhone Developer";
				COPY_PHASE_STRIP = NO;
				DEBUG_INFORMATION_FORMAT = "dwarf-with-dsym";
				ENABLE_NS_ASSERTIONS = NO;
				ENABLE_STRICT_OBJC_MSGSEND = YES;
				GCC_C_LANGUAGE_STANDARD = gnu99;
				GCC_NO_COMMON_BLOCKS = YES;
				GCC_WARN_64_TO_32_BIT_CONVERSION = YES;
				GCC_WARN_ABOUT_RETURN_TYPE = YES_ERROR;
				GCC_WARN_UNDECLARED_SELECTOR = YES;
				GCC_WARN_UNINITIALIZED_AUTOS = YES_AGGRESSIVE;
				GCC_WARN_UNUSED_FUNCTION = YES;
				GCC_WARN_UNUSED_VARIABLE = YES;
				IPHONEOS_DEPLOYMENT_TARGET = 9.2;
				MTL_ENABLE_DEBUG_INFO = NO;
				SDKROOT = iphoneos;
				TARGETED_DEVICE_FAMILY = "1,2";
				VALIDATE_PRODUCT = YES;
			};
			name = Release;
		};
		14BCD6FD1CB627B000E89A96 /* Debug */ = {
			isa = XCBuildConfiguration;
			buildSettings = {
				ASSETCATALOG_COMPILER_APPICON_NAME = AppIcon;
				CODE_SIGN_IDENTITY = "iPhone Developer";
				CODE_SIGN_STYLE = Manual;
				DEVELOPMENT_TEAM = 2MYH487U7U;
				GCC_PREFIX_HEADER = QYBEasyAdView/PrefixHeader.pch;
				INFOPLIST_FILE = QYBEasyAdView/Info.plist;
				LD_RUNPATH_SEARCH_PATHS = "$(inherited) @executable_path/Frameworks";
				PRODUCT_BUNDLE_IDENTIFIER = qianyb.QYBEasyAdView;
				PRODUCT_NAME = "$(TARGET_NAME)";
				PROVISIONING_PROFILE = "4cf8596e-5355-4af9-8596-b404f630d222";
				PROVISIONING_PROFILE_SPECIFIER = all;
			};
			name = Debug;
		};
		14BCD6FE1CB627B000E89A96 /* Release */ = {
			isa = XCBuildConfiguration;
			buildSettings = {
				ASSETCATALOG_COMPILER_APPICON_NAME = AppIcon;
				CODE_SIGN_IDENTITY = "iPhone Developer";
				CODE_SIGN_STYLE = Manual;
				DEVELOPMENT_TEAM = 2MYH487U7U;
				GCC_PREFIX_HEADER = QYBEasyAdView/PrefixHeader.pch;
				INFOPLIST_FILE = QYBEasyAdView/Info.plist;
				LD_RUNPATH_SEARCH_PATHS = "$(inherited) @executable_path/Frameworks";
				PRODUCT_BUNDLE_IDENTIFIER = qianyb.QYBEasyAdView;
				PRODUCT_NAME = "$(TARGET_NAME)";
				PROVISIONING_PROFILE = "4cf8596e-5355-4af9-8596-b404f630d222";
				PROVISIONING_PROFILE_SPECIFIER = all;
			};
			name = Release;
		};
/* End XCBuildConfiguration section */

/* Begin XCConfigurationList section */
		14BCD6E01CB627B000E89A96 /* Build configuration list for PBXProject "QYBEasyAdView" */ = {
			isa = XCConfigurationList;
			buildConfigurations = (
				14BCD6FA1CB627B000E89A96 /* Debug */,
				14BCD6FB1CB627B000E89A96 /* Release */,
			);
			defaultConfigurationIsVisible = 0;
			defaultConfigurationName = Release;
		};
		14BCD6FC1CB627B000E89A96 /* Build configuration list for PBXNativeTarget "QYBEasyAdView" */ = {
			isa = XCConfigurationList;
			buildConfigurations = (
				14BCD6FD1CB627B000E89A96 /* Debug */,
				14BCD6FE1CB627B000E89A96 /* Release */,
			);
			defaultConfigurationIsVisible = 0;
			defaultConfigurationName = Release;
		};
/* End XCConfigurationList section */
	};
	rootObject = 14BCD6DD1CB627B000E89A96 /* Project object */;
}
